// !$*UTF8*$!
{
	archiveVersion = 1;
	classes = {
	};
	objectVersion = 51;
	objects = {

/* Begin PBXBuildFile section */
		508508B73F480E5B98B93979 /* Pods_ParstagramTests.framework in Frameworks */ = {isa = PBXBuildFile; fileRef = BB4237045277C155D0299655 /* Pods_ParstagramTests.framework */; };
		589D99ED31C387C627E5C3FF /* Pods_Parstagram.framework in Frameworks */ = {isa = PBXBuildFile; fileRef = EE6F4F9FBDF04BD0F4FDFE91 /* Pods_Parstagram.framework */; };
		7F35EFEEAA187D93015E72A6 /* Pods_Parstagram_ParstagramUITests.framework in Frameworks */ = {isa = PBXBuildFile; fileRef = F93AC474037FE6376F401F9A /* Pods_Parstagram_ParstagramUITests.framework */; };
		FC935B0025FA807500DC83D4 /* PostCell.swift in Sources */ = {isa = PBXBuildFile; fileRef = FC935AFF25FA807500DC83D4 /* PostCell.swift */; };
		FCB99B5825F94AAB00E791CE /* AppDelegate.swift in Sources */ = {isa = PBXBuildFile; fileRef = FCB99B5725F94AAB00E791CE /* AppDelegate.swift */; };
		FCB99B5A25F94AAB00E791CE /* SceneDelegate.swift in Sources */ = {isa = PBXBuildFile; fileRef = FCB99B5925F94AAB00E791CE /* SceneDelegate.swift */; };
		FCB99B5F25F94AAB00E791CE /* Main.storyboard in Resources */ = {isa = PBXBuildFile; fileRef = FCB99B5D25F94AAB00E791CE /* Main.storyboard */; };
		FCB99B6125F94AAC00E791CE /* Assets.xcassets in Resources */ = {isa = PBXBuildFile; fileRef = FCB99B6025F94AAC00E791CE /* Assets.xcassets */; };
		FCB99B6425F94AAC00E791CE /* LaunchScreen.storyboard in Resources */ = {isa = PBXBuildFile; fileRef = FCB99B6225F94AAC00E791CE /* LaunchScreen.storyboard */; };
		FCB99B6F25F94AAC00E791CE /* ParstagramTests.swift in Sources */ = {isa = PBXBuildFile; fileRef = FCB99B6E25F94AAC00E791CE /* ParstagramTests.swift */; };
		FCB99B7A25F94AAC00E791CE /* ParstagramUITests.swift in Sources */ = {isa = PBXBuildFile; fileRef = FCB99B7925F94AAC00E791CE /* ParstagramUITests.swift */; };
		FCCC7B9725F9624300423BD5 /* LoginViewController.swift in Sources */ = {isa = PBXBuildFile; fileRef = FCCC7B9625F9624300423BD5 /* LoginViewController.swift */; };
		FCCC7B9C25F9625000423BD5 /* FeedViewController.swift in Sources */ = {isa = PBXBuildFile; fileRef = FCCC7B9B25F9625000423BD5 /* FeedViewController.swift */; };
		FCCC7BA125F96CBC00423BD5 /* CameraViewController.swift in Sources */ = {isa = PBXBuildFile; fileRef = FCCC7BA025F96CBC00423BD5 /* CameraViewController.swift */; };
/* End PBXBuildFile section */

/* Begin PBXContainerItemProxy section */
		FCB99B6B25F94AAC00E791CE /* PBXContainerItemProxy */ = {
			isa = PBXContainerItemProxy;
			containerPortal = FCB99B4C25F94AAB00E791CE /* Project object */;
			proxyType = 1;
			remoteGlobalIDString = FCB99B5325F94AAB00E791CE;
			remoteInfo = Parstagram;
		};
		FCB99B7625F94AAC00E791CE /* PBXContainerItemProxy */ = {
			isa = PBXContainerItemProxy;
			containerPortal = FCB99B4C25F94AAB00E791CE /* Project object */;
			proxyType = 1;
			remoteGlobalIDString = FCB99B5325F94AAB00E791CE;
			remoteInfo = Parstagram;
		};
/* End PBXContainerItemProxy section */

/* Begin PBXFileReference section */
		13F9A166F5B1A258C098C401 /* Pods-ParstagramTests.release.xcconfig */ = {isa = PBXFileReference; includeInIndex = 1; lastKnownFileType = text.xcconfig; name = "Pods-ParstagramTests.release.xcconfig"; path = "Target Support Files/Pods-ParstagramTests/Pods-ParstagramTests.release.xcconfig"; sourceTree = "<group>"; };
		4606F0A358EFEDE5899AE072 /* Pods-ParstagramTests.debug.xcconfig */ = {isa = PBXFileReference; includeInIndex = 1; lastKnownFileType = text.xcconfig; name = "Pods-ParstagramTests.debug.xcconfig"; path = "Target Support Files/Pods-ParstagramTests/Pods-ParstagramTests.debug.xcconfig"; sourceTree = "<group>"; };
		622D7480E6A93696EFC636EB /* Pods-Parstagram-ParstagramUITests.debug.xcconfig */ = {isa = PBXFileReference; includeInIndex = 1; lastKnownFileType = text.xcconfig; name = "Pods-Parstagram-ParstagramUITests.debug.xcconfig"; path = "Target Support Files/Pods-Parstagram-ParstagramUITests/Pods-Parstagram-ParstagramUITests.debug.xcconfig"; sourceTree = "<group>"; };
		993BF690F4B6E481789FD0A3 /* Pods-Parstagram.release.xcconfig */ = {isa = PBXFileReference; includeInIndex = 1; lastKnownFileType = text.xcconfig; name = "Pods-Parstagram.release.xcconfig"; path = "Target Support Files/Pods-Parstagram/Pods-Parstagram.release.xcconfig"; sourceTree = "<group>"; };
		99FF87A4AB9C4F81228DC6BC /* Pods-Parstagram-ParstagramUITests.release.xcconfig */ = {isa = PBXFileReference; includeInIndex = 1; lastKnownFileType = text.xcconfig; name = "Pods-Parstagram-ParstagramUITests.release.xcconfig"; path = "Target Support Files/Pods-Parstagram-ParstagramUITests/Pods-Parstagram-ParstagramUITests.release.xcconfig"; sourceTree = "<group>"; };
		BB4237045277C155D0299655 /* Pods_ParstagramTests.framework */ = {isa = PBXFileReference; explicitFileType = wrapper.framework; includeInIndex = 0; path = Pods_ParstagramTests.framework; sourceTree = BUILT_PRODUCTS_DIR; };
		CF31ECC17438D26BCCE7A060 /* Pods-Parstagram.debug.xcconfig */ = {isa = PBXFileReference; includeInIndex = 1; lastKnownFileType = text.xcconfig; name = "Pods-Parstagram.debug.xcconfig"; path = "Target Support Files/Pods-Parstagram/Pods-Parstagram.debug.xcconfig"; sourceTree = "<group>"; };
		EE6F4F9FBDF04BD0F4FDFE91 /* Pods_Parstagram.framework */ = {isa = PBXFileReference; explicitFileType = wrapper.framework; includeInIndex = 0; path = Pods_Parstagram.framework; sourceTree = BUILT_PRODUCTS_DIR; };
		F93AC474037FE6376F401F9A /* Pods_Parstagram_ParstagramUITests.framework */ = {isa = PBXFileReference; explicitFileType = wrapper.framework; includeInIndex = 0; path = Pods_Parstagram_ParstagramUITests.framework; sourceTree = BUILT_PRODUCTS_DIR; };
		FC935AFF25FA807500DC83D4 /* PostCell.swift */ = {isa = PBXFileReference; lastKnownFileType = sourcecode.swift; path = PostCell.swift; sourceTree = "<group>"; };
		FCB99B5425F94AAB00E791CE /* Parstagram.app */ = {isa = PBXFileReference; explicitFileType = wrapper.application; includeInIndex = 0; path = Parstagram.app; sourceTree = BUILT_PRODUCTS_DIR; };
		FCB99B5725F94AAB00E791CE /* AppDelegate.swift */ = {isa = PBXFileReference; lastKnownFileType = sourcecode.swift; path = AppDelegate.swift; sourceTree = "<group>"; };
		FCB99B5925F94AAB00E791CE /* SceneDelegate.swift */ = {isa = PBXFileReference; lastKnownFileType = sourcecode.swift; path = SceneDelegate.swift; sourceTree = "<group>"; };
		FCB99B5E25F94AAB00E791CE /* Base */ = {isa = PBXFileReference; lastKnownFileType = file.storyboard; name = Base; path = Base.lproj/Main.storyboard; sourceTree = "<group>"; };
		FCB99B6025F94AAC00E791CE /* Assets.xcassets */ = {isa = PBXFileReference; lastKnownFileType = folder.assetcatalog; path = Assets.xcassets; sourceTree = "<group>"; };
		FCB99B6325F94AAC00E791CE /* Base */ = {isa = PBXFileReference; lastKnownFileType = file.storyboard; name = Base; path = Base.lproj/LaunchScreen.storyboard; sourceTree = "<group>"; };
		FCB99B6525F94AAC00E791CE /* Info.plist */ = {isa = PBXFileReference; lastKnownFileType = text.plist.xml; path = Info.plist; sourceTree = "<group>"; };
		FCB99B6A25F94AAC00E791CE /* ParstagramTests.xctest */ = {isa = PBXFileReference; explicitFileType = wrapper.cfbundle; includeInIndex = 0; path = ParstagramTests.xctest; sourceTree = BUILT_PRODUCTS_DIR; };
		FCB99B6E25F94AAC00E791CE /* ParstagramTests.swift */ = {isa = PBXFileReference; lastKnownFileType = sourcecode.swift; path = ParstagramTests.swift; sourceTree = "<group>"; };
		FCB99B7025F94AAC00E791CE /* Info.plist */ = {isa = PBXFileReference; lastKnownFileType = text.plist.xml; path = Info.plist; sourceTree = "<group>"; };
		FCB99B7525F94AAC00E791CE /* ParstagramUITests.xctest */ = {isa = PBXFileReference; explicitFileType = wrapper.cfbundle; includeInIndex = 0; path = ParstagramUITests.xctest; sourceTree = BUILT_PRODUCTS_DIR; };
		FCB99B7925F94AAC00E791CE /* ParstagramUITests.swift */ = {isa = PBXFileReference; lastKnownFileType = sourcecode.swift; path = ParstagramUITests.swift; sourceTree = "<group>"; };
		FCB99B7B25F94AAC00E791CE /* Info.plist */ = {isa = PBXFileReference; lastKnownFileType = text.plist.xml; path = Info.plist; sourceTree = "<group>"; };
		FCCC7B9625F9624300423BD5 /* LoginViewController.swift */ = {isa = PBXFileReference; lastKnownFileType = sourcecode.swift; path = LoginViewController.swift; sourceTree = "<group>"; };
		FCCC7B9B25F9625000423BD5 /* FeedViewController.swift */ = {isa = PBXFileReference; lastKnownFileType = sourcecode.swift; path = FeedViewController.swift; sourceTree = "<group>"; };
		FCCC7BA025F96CBC00423BD5 /* CameraViewController.swift */ = {isa = PBXFileReference; lastKnownFileType = sourcecode.swift; path = CameraViewController.swift; sourceTree = "<group>"; };
/* End PBXFileReference section */

/* Begin PBXFrameworksBuildPhase section */
		FCB99B5125F94AAB00E791CE /* Frameworks */ = {
			isa = PBXFrameworksBuildPhase;
			buildActionMask = 2147483647;
			files = (
				589D99ED31C387C627E5C3FF /* Pods_Parstagram.framework in Frameworks */,
			);
			runOnlyForDeploymentPostprocessing = 0;
		};
		FCB99B6725F94AAC00E791CE /* Frameworks */ = {
			isa = PBXFrameworksBuildPhase;
			buildActionMask = 2147483647;
			files = (
				508508B73F480E5B98B93979 /* Pods_ParstagramTests.framework in Frameworks */,
			);
			runOnlyForDeploymentPostprocessing = 0;
		};
		FCB99B7225F94AAC00E791CE /* Frameworks */ = {
			isa = PBXFrameworksBuildPhase;
			buildActionMask = 2147483647;
			files = (
				7F35EFEEAA187D93015E72A6 /* Pods_Parstagram_ParstagramUITests.framework in Frameworks */,
			);
			runOnlyForDeploymentPostprocessing = 0;
		};
/* End PBXFrameworksBuildPhase section */

/* Begin PBXGroup section */
		CFF14CDC629C22A091A9DB58 /* Frameworks */ = {
			isa = PBXGroup;
			children = (
				EE6F4F9FBDF04BD0F4FDFE91 /* Pods_Parstagram.framework */,
				F93AC474037FE6376F401F9A /* Pods_Parstagram_ParstagramUITests.framework */,
				BB4237045277C155D0299655 /* Pods_ParstagramTests.framework */,
			);
			name = Frameworks;
			sourceTree = "<group>";
		};
		D2F777981D4811D04AA49B28 /* Pods */ = {
			isa = PBXGroup;
			children = (
				CF31ECC17438D26BCCE7A060 /* Pods-Parstagram.debug.xcconfig */,
				993BF690F4B6E481789FD0A3 /* Pods-Parstagram.release.xcconfig */,
				622D7480E6A93696EFC636EB /* Pods-Parstagram-ParstagramUITests.debug.xcconfig */,
				99FF87A4AB9C4F81228DC6BC /* Pods-Parstagram-ParstagramUITests.release.xcconfig */,
				4606F0A358EFEDE5899AE072 /* Pods-ParstagramTests.debug.xcconfig */,
				13F9A166F5B1A258C098C401 /* Pods-ParstagramTests.release.xcconfig */,
			);
			path = Pods;
			sourceTree = "<group>";
		};
		FCB99B4B25F94AAB00E791CE = {
			isa = PBXGroup;
			children = (
				FCB99B5625F94AAB00E791CE /* Parstagram */,
				FCB99B6D25F94AAC00E791CE /* ParstagramTests */,
				FCB99B7825F94AAC00E791CE /* ParstagramUITests */,
				FCB99B5525F94AAB00E791CE /* Products */,
				D2F777981D4811D04AA49B28 /* Pods */,
				CFF14CDC629C22A091A9DB58 /* Frameworks */,
			);
			sourceTree = "<group>";
		};
		FCB99B5525F94AAB00E791CE /* Products */ = {
			isa = PBXGroup;
			children = (
				FCB99B5425F94AAB00E791CE /* Parstagram.app */,
				FCB99B6A25F94AAC00E791CE /* ParstagramTests.xctest */,
				FCB99B7525F94AAC00E791CE /* ParstagramUITests.xctest */,
			);
			name = Products;
			sourceTree = "<group>";
		};
		FCB99B5625F94AAB00E791CE /* Parstagram */ = {
			isa = PBXGroup;
			children = (
				FCB99B5725F94AAB00E791CE /* AppDelegate.swift */,
				FCB99B5925F94AAB00E791CE /* SceneDelegate.swift */,
				FCB99B5D25F94AAB00E791CE /* Main.storyboard */,
				FCB99B6025F94AAC00E791CE /* Assets.xcassets */,
				FCB99B6225F94AAC00E791CE /* LaunchScreen.storyboard */,
				FCB99B6525F94AAC00E791CE /* Info.plist */,
				FCCC7B9625F9624300423BD5 /* LoginViewController.swift */,
				FCCC7B9B25F9625000423BD5 /* FeedViewController.swift */,
				FCCC7BA025F96CBC00423BD5 /* CameraViewController.swift */,
				FC935AFF25FA807500DC83D4 /* PostCell.swift */,
			);
			path = Parstagram;
			sourceTree = "<group>";
		};
		FCB99B6D25F94AAC00E791CE /* ParstagramTests */ = {
			isa = PBXGroup;
			children = (
				FCB99B6E25F94AAC00E791CE /* ParstagramTests.swift */,
				FCB99B7025F94AAC00E791CE /* Info.plist */,
			);
			path = ParstagramTests;
			sourceTree = "<group>";
		};
		FCB99B7825F94AAC00E791CE /* ParstagramUITests */ = {
			isa = PBXGroup;
			children = (
				FCB99B7925F94AAC00E791CE /* ParstagramUITests.swift */,
				FCB99B7B25F94AAC00E791CE /* Info.plist */,
			);
			path = ParstagramUITests;
			sourceTree = "<group>";
		};
/* End PBXGroup section */

/* Begin PBXNativeTarget section */
		FCB99B5325F94AAB00E791CE /* Parstagram */ = {
			isa = PBXNativeTarget;
			buildConfigurationList = FCB99B7E25F94AAC00E791CE /* Build configuration list for PBXNativeTarget "Parstagram" */;
			buildPhases = (
				2E31B41A3BC12F83205DC9EF /* [CP] Check Pods Manifest.lock */,
				FCB99B5025F94AAB00E791CE /* Sources */,
				FCB99B5125F94AAB00E791CE /* Frameworks */,
				FCB99B5225F94AAB00E791CE /* Resources */,
				E92A38797EAC771580E1CC64 /* [CP] Embed Pods Frameworks */,
			);
			buildRules = (
			);
			dependencies = (
			);
			name = Parstagram;
			productName = Parstagram;
			productReference = FCB99B5425F94AAB00E791CE /* Parstagram.app */;
			productType = "com.apple.product-type.application";
		};
		FCB99B6925F94AAC00E791CE /* ParstagramTests */ = {
			isa = PBXNativeTarget;
			buildConfigurationList = FCB99B8125F94AAC00E791CE /* Build configuration list for PBXNativeTarget "ParstagramTests" */;
			buildPhases = (
				A997FCA90E7D847BA2BDA817 /* [CP] Check Pods Manifest.lock */,
				FCB99B6625F94AAC00E791CE /* Sources */,
				FCB99B6725F94AAC00E791CE /* Frameworks */,
				FCB99B6825F94AAC00E791CE /* Resources */,
			);
			buildRules = (
			);
			dependencies = (
				FCB99B6C25F94AAC00E791CE /* PBXTargetDependency */,
			);
			name = ParstagramTests;
			productName = ParstagramTests;
			productReference = FCB99B6A25F94AAC00E791CE /* ParstagramTests.xctest */;
			productType = "com.apple.product-type.bundle.unit-test";
		};
		FCB99B7425F94AAC00E791CE /* ParstagramUITests */ = {
			isa = PBXNativeTarget;
			buildConfigurationList = FCB99B8425F94AAC00E791CE /* Build configuration list for PBXNativeTarget "ParstagramUITests" */;
			buildPhases = (
				BA6AAA11FF0A6B698460B881 /* [CP] Check Pods Manifest.lock */,
				FCB99B7125F94AAC00E791CE /* Sources */,
				FCB99B7225F94AAC00E791CE /* Frameworks */,
				FCB99B7325F94AAC00E791CE /* Resources */,
				A8325858FF4244D185C5A3F7 /* [CP] Embed Pods Frameworks */,
			);
			buildRules = (
			);
			dependencies = (
				FCB99B7725F94AAC00E791CE /* PBXTargetDependency */,
			);
			name = ParstagramUITests;
			productName = ParstagramUITests;
			productReference = FCB99B7525F94AAC00E791CE /* ParstagramUITests.xctest */;
			productType = "com.apple.product-type.bundle.ui-testing";
		};
/* End PBXNativeTarget section */

/* Begin PBXProject section */
		FCB99B4C25F94AAB00E791CE /* Project object */ = {
			isa = PBXProject;
			attributes = {
				LastSwiftUpdateCheck = 1240;
				LastUpgradeCheck = 1240;
				TargetAttributes = {
					FCB99B5325F94AAB00E791CE = {
						CreatedOnToolsVersion = 12.4;
					};
					FCB99B6925F94AAC00E791CE = {
						CreatedOnToolsVersion = 12.4;
						TestTargetID = FCB99B5325F94AAB00E791CE;
					};
					FCB99B7425F94AAC00E791CE = {
						CreatedOnToolsVersion = 12.4;
						TestTargetID = FCB99B5325F94AAB00E791CE;
					};
				};
			};
			buildConfigurationList = FCB99B4F25F94AAB00E791CE /* Build configuration list for PBXProject "Parstagram" */;
			compatibilityVersion = "Xcode 9.3";
			developmentRegion = en;
			hasScannedForEncodings = 0;
			knownRegions = (
				en,
				Base,
			);
			mainGroup = FCB99B4B25F94AAB00E791CE;
			productRefGroup = FCB99B5525F94AAB00E791CE /* Products */;
			projectDirPath = "";
			projectRoot = "";
			targets = (
				FCB99B5325F94AAB00E791CE /* Parstagram */,
				FCB99B6925F94AAC00E791CE /* ParstagramTests */,
				FCB99B7425F94AAC00E791CE /* ParstagramUITests */,
			);
		};
/* End PBXProject section */

/* Begin PBXResourcesBuildPhase section */
		FCB99B5225F94AAB00E791CE /* Resources */ = {
			isa = PBXResourcesBuildPhase;
			buildActionMask = 2147483647;
			files = (
				FCB99B6425F94AAC00E791CE /* LaunchScreen.storyboard in Resources */,
				FCB99B6125F94AAC00E791CE /* Assets.xcassets in Resources */,
				FCB99B5F25F94AAB00E791CE /* Main.storyboard in Resources */,
			);
			runOnlyForDeploymentPostprocessing = 0;
		};
		FCB99B6825F94AAC00E791CE /* Resources */ = {
			isa = PBXResourcesBuildPhase;
			buildActionMask = 2147483647;
			files = (
			);
			runOnlyForDeploymentPostprocessing = 0;
		};
		FCB99B7325F94AAC00E791CE /* Resources */ = {
			isa = PBXResourcesBuildPhase;
			buildActionMask = 2147483647;
			files = (
			);
			runOnlyForDeploymentPostprocessing = 0;
		};
/* End PBXResourcesBuildPhase section */

/* Begin PBXShellScriptBuildPhase section */
		2E31B41A3BC12F83205DC9EF /* [CP] Check Pods Manifest.lock */ = {
			isa = PBXShellScriptBuildPhase;
			buildActionMask = 2147483647;
			files = (
			);
			inputFileListPaths = (
			);
			inputPaths = (
				"${PODS_PODFILE_DIR_PATH}/Podfile.lock",
				"${PODS_ROOT}/Manifest.lock",
			);
			name = "[CP] Check Pods Manifest.lock";
			outputFileListPaths = (
			);
			outputPaths = (
				"$(DERIVED_FILE_DIR)/Pods-Parstagram-checkManifestLockResult.txt",
			);
			runOnlyForDeploymentPostprocessing = 0;
			shellPath = /bin/sh;
			shellScript = "diff \"${PODS_PODFILE_DIR_PATH}/Podfile.lock\" \"${PODS_ROOT}/Manifest.lock\" > /dev/null\nif [ $? != 0 ] ; then\n    # print error to STDERR\n    echo \"error: The sandbox is not in sync with the Podfile.lock. Run 'pod install' or update your CocoaPods installation.\" >&2\n    exit 1\nfi\n# This output is used by Xcode 'outputs' to avoid re-running this script phase.\necho \"SUCCESS\" > \"${SCRIPT_OUTPUT_FILE_0}\"\n";
			showEnvVarsInLog = 0;
		};
		A8325858FF4244D185C5A3F7 /* [CP] Embed Pods Frameworks */ = {
			isa = PBXShellScriptBuildPhase;
			buildActionMask = 2147483647;
			files = (
			);
			inputFileListPaths = (
				"${PODS_ROOT}/Target Support Files/Pods-Parstagram-ParstagramUITests/Pods-Parstagram-ParstagramUITests-frameworks-${CONFIGURATION}-input-files.xcfilelist",
			);
			name = "[CP] Embed Pods Frameworks";
			outputFileListPaths = (
				"${PODS_ROOT}/Target Support Files/Pods-Parstagram-ParstagramUITests/Pods-Parstagram-ParstagramUITests-frameworks-${CONFIGURATION}-output-files.xcfilelist",
			);
			runOnlyForDeploymentPostprocessing = 0;
			shellPath = /bin/sh;
			shellScript = "\"${PODS_ROOT}/Target Support Files/Pods-Parstagram-ParstagramUITests/Pods-Parstagram-ParstagramUITests-frameworks.sh\"\n";
			showEnvVarsInLog = 0;
		};
		A997FCA90E7D847BA2BDA817 /* [CP] Check Pods Manifest.lock */ = {
			isa = PBXShellScriptBuildPhase;
			buildActionMask = 2147483647;
			files = (
			);
			inputFileListPaths = (
			);
			inputPaths = (
				"${PODS_PODFILE_DIR_PATH}/Podfile.lock",
				"${PODS_ROOT}/Manifest.lock",
			);
			name = "[CP] Check Pods Manifest.lock";
			outputFileListPaths = (
			);
			outputPaths = (
				"$(DERIVED_FILE_DIR)/Pods-ParstagramTests-checkManifestLockResult.txt",
			);
			runOnlyForDeploymentPostprocessing = 0;
			shellPath = /bin/sh;
			shellScript = "diff \"${PODS_PODFILE_DIR_PATH}/Podfile.lock\" \"${PODS_ROOT}/Manifest.lock\" > /dev/null\nif [ $? != 0 ] ; then\n    # print error to STDERR\n    echo \"error: The sandbox is not in sync with the Podfile.lock. Run 'pod install' or update your CocoaPods installation.\" >&2\n    exit 1\nfi\n# This output is used by Xcode 'outputs' to avoid re-running this script phase.\necho \"SUCCESS\" > \"${SCRIPT_OUTPUT_FILE_0}\"\n";
			showEnvVarsInLog = 0;
		};
		BA6AAA11FF0A6B698460B881 /* [CP] Check Pods Manifest.lock */ = {
			isa = PBXShellScriptBuildPhase;
			buildActionMask = 2147483647;
			files = (
			);
			inputFileListPaths = (
			);
			inputPaths = (
				"${PODS_PODFILE_DIR_PATH}/Podfile.lock",
				"${PODS_ROOT}/Manifest.lock",
			);
			name = "[CP] Check Pods Manifest.lock";
			outputFileListPaths = (
			);
			outputPaths = (
				"$(DERIVED_FILE_DIR)/Pods-Parstagram-ParstagramUITests-checkManifestLockResult.txt",
			);
			runOnlyForDeploymentPostprocessing = 0;
			shellPath = /bin/sh;
			shellScript = "diff \"${PODS_PODFILE_DIR_PATH}/Podfile.lock\" \"${PODS_ROOT}/Manifest.lock\" > /dev/null\nif [ $? != 0 ] ; then\n    # print error to STDERR\n    echo \"error: The sandbox is not in sync with the Podfile.lock. Run 'pod install' or update your CocoaPods installation.\" >&2\n    exit 1\nfi\n# This output is used by Xcode 'outputs' to avoid re-running this script phase.\necho \"SUCCESS\" > \"${SCRIPT_OUTPUT_FILE_0}\"\n";
			showEnvVarsInLog = 0;
		};
		E92A38797EAC771580E1CC64 /* [CP] Embed Pods Frameworks */ = {
			isa = PBXShellScriptBuildPhase;
			buildActionMask = 2147483647;
			files = (
			);
			inputFileListPaths = (
				"${PODS_ROOT}/Target Support Files/Pods-Parstagram/Pods-Parstagram-frameworks-${CONFIGURATION}-input-files.xcfilelist",
			);
			name = "[CP] Embed Pods Frameworks";
			outputFileListPaths = (
				"${PODS_ROOT}/Target Support Files/Pods-Parstagram/Pods-Parstagram-frameworks-${CONFIGURATION}-output-files.xcfilelist",
			);
			runOnlyForDeploymentPostprocessing = 0;
			shellPath = /bin/sh;
			shellScript = "\"${PODS_ROOT}/Target Support Files/Pods-Parstagram/Pods-Parstagram-frameworks.sh\"\n";
			showEnvVarsInLog = 0;
		};
/* End PBXShellScriptBuildPhase section */

/* Begin PBXSourcesBuildPhase section */
		FCB99B5025F94AAB00E791CE /* Sources */ = {
			isa = PBXSourcesBuildPhase;
			buildActionMask = 2147483647;
			files = (
				FCCC7B9725F9624300423BD5 /* LoginViewController.swift in Sources */,
				FCCC7BA125F96CBC00423BD5 /* CameraViewController.swift in Sources */,
				FCB99B5825F94AAB00E791CE /* AppDelegate.swift in Sources */,
				FCCC7B9C25F9625000423BD5 /* FeedViewController.swift in Sources */,
				FCB99B5A25F94AAB00E791CE /* SceneDelegate.swift in Sources */,
				FC935B0025FA807500DC83D4 /* PostCell.swift in Sources */,
			);
			runOnlyForDeploymentPostprocessing = 0;
		};
		FCB99B6625F94AAC00E791CE /* Sources */ = {
			isa = PBXSourcesBuildPhase;
			buildActionMask = 2147483647;
			files = (
				FCB99B6F25F94AAC00E791CE /* ParstagramTests.swift in Sources */,
			);
			runOnlyForDeploymentPostprocessing = 0;
		};
		FCB99B7125F94AAC00E791CE /* Sources */ = {
			isa = PBXSourcesBuildPhase;
			buildActionMask = 2147483647;
			files = (
				FCB99B7A25F94AAC00E791CE /* ParstagramUITests.swift in Sources */,
			);
			runOnlyForDeploymentPostprocessing = 0;
		};
/* End PBXSourcesBuildPhase section */

/* Begin PBXTargetDependency section */
		FCB99B6C25F94AAC00E791CE /* PBXTargetDependency */ = {
			isa = PBXTargetDependency;
			target = FCB99B5325F94AAB00E791CE /* Parstagram */;
			targetProxy = FCB99B6B25F94AAC00E791CE /* PBXContainerItemProxy */;
		};
		FCB99B7725F94AAC00E791CE /* PBXTargetDependency */ = {
			isa = PBXTargetDependency;
			target = FCB99B5325F94AAB00E791CE /* Parstagram */;
			targetProxy = FCB99B7625F94AAC00E791CE /* PBXContainerItemProxy */;
		};
/* End PBXTargetDependency section */

/* Begin PBXVariantGroup section */
		FCB99B5D25F94AAB00E791CE /* Main.storyboard */ = {
			isa = PBXVariantGroup;
			children = (
				FCB99B5E25F94AAB00E791CE /* Base */,
			);
			name = Main.storyboard;
			sourceTree = "<group>";
		};
		FCB99B6225F94AAC00E791CE /* LaunchScreen.storyboard */ = {
			isa = PBXVariantGroup;
			children = (
				FCB99B6325F94AAC00E791CE /* Base */,
			);
			name = LaunchScreen.storyboard;
			sourceTree = "<group>";
		};
/* End PBXVariantGroup section */

/* Begin XCBuildConfiguration section */
		FCB99B7C25F94AAC00E791CE /* Debug */ = {
			isa = XCBuildConfiguration;
			buildSettings = {
				ALWAYS_SEARCH_USER_PATHS = NO;
				CLANG_ANALYZER_NONNULL = YES;
				CLANG_ANALYZER_NUMBER_OBJECT_CONVERSION = YES_AGGRESSIVE;
				CLANG_CXX_LANGUAGE_STANDARD = "gnu++14";
				CLANG_CXX_LIBRARY = "libc++";
				CLANG_ENABLE_MODULES = YES;
				CLANG_ENABLE_OBJC_ARC = YES;
				CLANG_ENABLE_OBJC_WEAK = YES;
				CLANG_WARN_BLOCK_CAPTURE_AUTORELEASING = YES;
				CLANG_WARN_BOOL_CONVERSION = YES;
				CLANG_WARN_COMMA = YES;
				CLANG_WARN_CONSTANT_CONVERSION = YES;
				CLANG_WARN_DEPRECATED_OBJC_IMPLEMENTATIONS = YES;
				CLANG_WARN_DIRECT_OBJC_ISA_USAGE = YES_ERROR;
				CLANG_WARN_DOCUMENTATION_COMMENTS = YES;
				CLANG_WARN_EMPTY_BODY = YES;
				CLANG_WARN_ENUM_CONVERSION = YES;
				CLANG_WARN_INFINITE_RECURSION = YES;
				CLANG_WARN_INT_CONVERSION = YES;
				CLANG_WARN_NON_LITERAL_NULL_CONVERSION = YES;
				CLANG_WARN_OBJC_IMPLICIT_RETAIN_SELF = YES;
				CLANG_WARN_OBJC_LITERAL_CONVERSION = YES;
				CLANG_WARN_OBJC_ROOT_CLASS = YES_ERROR;
				CLANG_WARN_QUOTED_INCLUDE_IN_FRAMEWORK_HEADER = YES;
				CLANG_WARN_RANGE_LOOP_ANALYSIS = YES;
				CLANG_WARN_STRICT_PROTOTYPES = YES;
				CLANG_WARN_SUSPICIOUS_MOVE = YES;
				CLANG_WARN_UNGUARDED_AVAILABILITY = YES_AGGRESSIVE;
				CLANG_WARN_UNREACHABLE_CODE = YES;
				CLANG_WARN__DUPLICATE_METHOD_MATCH = YES;
				COPY_PHASE_STRIP = NO;
				DEBUG_INFORMATION_FORMAT = dwarf;
				ENABLE_STRICT_OBJC_MSGSEND = YES;
				ENABLE_TESTABILITY = YES;
				GCC_C_LANGUAGE_STANDARD = gnu11;
				GCC_DYNAMIC_NO_PIC = NO;
				GCC_NO_COMMON_BLOCKS = YES;
				GCC_OPTIMIZATION_LEVEL = 0;
				GCC_PREPROCESSOR_DEFINITIONS = (
					"DEBUG=1",
					"$(inherited)",
				);
				GCC_WARN_64_TO_32_BIT_CONVERSION = YES;
				GCC_WARN_ABOUT_RETURN_TYPE = YES_ERROR;
				GCC_WARN_UNDECLARED_SELECTOR = YES;
				GCC_WARN_UNINITIALIZED_AUTOS = YES_AGGRESSIVE;
				GCC_WARN_UNUSED_FUNCTION = YES;
				GCC_WARN_UNUSED_VARIABLE = YES;
				IPHONEOS_DEPLOYMENT_TARGET = 14.4;
				MTL_ENABLE_DEBUG_INFO = INCLUDE_SOURCE;
				MTL_FAST_MATH = YES;
				ONLY_ACTIVE_ARCH = YES;
				SDKROOT = iphoneos;
				SWIFT_ACTIVE_COMPILATION_CONDITIONS = DEBUG;
				SWIFT_OPTIMIZATION_LEVEL = "-Onone";
			};
			name = Debug;
		};
		FCB99B7D25F94AAC00E791CE /* Release */ = {
			isa = XCBuildConfiguration;
			buildSettings = {
				ALWAYS_SEARCH_USER_PATHS = NO;
				CLANG_ANALYZER_NONNULL = YES;
				CLANG_ANALYZER_NUMBER_OBJECT_CONVERSION = YES_AGGRESSIVE;
				CLANG_CXX_LANGUAGE_STANDARD = "gnu++14";
				CLANG_CXX_LIBRARY = "libc++";
				CLANG_ENABLE_MODULES = YES;
				CLANG_ENABLE_OBJC_ARC = YES;
				CLANG_ENABLE_OBJC_WEAK = YES;
				CLANG_WARN_BLOCK_CAPTURE_AUTORELEASING = YES;
				CLANG_WARN_BOOL_CONVERSION = YES;
				CLANG_WARN_COMMA = YES;
				CLANG_WARN_CONSTANT_CONVERSION = YES;
				CLANG_WARN_DEPRECATED_OBJC_IMPLEMENTATIONS = YES;
				CLANG_WARN_DIRECT_OBJC_ISA_USAGE = YES_ERROR;
				CLANG_WARN_DOCUMENTATION_COMMENTS = YES;
				CLANG_WARN_EMPTY_BODY = YES;
				CLANG_WARN_ENUM_CONVERSION = YES;
				CLANG_WARN_INFINITE_RECURSION = YES;
				CLANG_WARN_INT_CONVERSION = YES;
				CLANG_WARN_NON_LITERAL_NULL_CONVERSION = YES;
				CLANG_WARN_OBJC_IMPLICIT_RETAIN_SELF = YES;
				CLANG_WARN_OBJC_LITERAL_CONVERSION = YES;
				CLANG_WARN_OBJC_ROOT_CLASS = YES_ERROR;
				CLANG_WARN_QUOTED_INCLUDE_IN_FRAMEWORK_HEADER = YES;
				CLANG_WARN_RANGE_LOOP_ANALYSIS = YES;
				CLANG_WARN_STRICT_PROTOTYPES = YES;
				CLANG_WARN_SUSPICIOUS_MOVE = YES;
				CLANG_WARN_UNGUARDED_AVAILABILITY = YES_AGGRESSIVE;
				CLANG_WARN_UNREACHABLE_CODE = YES;
				CLANG_WARN__DUPLICATE_METHOD_MATCH = YES;
				COPY_PHASE_STRIP = NO;
				DEBUG_INFORMATION_FORMAT = "dwarf-with-dsym";
				ENABLE_NS_ASSERTIONS = NO;
				ENABLE_STRICT_OBJC_MSGSEND = YES;
				GCC_C_LANGUAGE_STANDARD = gnu11;
				GCC_NO_COMMON_BLOCKS = YES;
				GCC_WARN_64_TO_32_BIT_CONVERSION = YES;
				GCC_WARN_ABOUT_RETURN_TYPE = YES_ERROR;
				GCC_WARN_UNDECLARED_SELECTOR = YES;
				GCC_WARN_UNINITIALIZED_AUTOS = YES_AGGRESSIVE;
				GCC_WARN_UNUSED_FUNCTION = YES;
				GCC_WARN_UNUSED_VARIABLE = YES;
				IPHONEOS_DEPLOYMENT_TARGET = 14.4;
				MTL_ENABLE_DEBUG_INFO = NO;
				MTL_FAST_MATH = YES;
				SDKROOT = iphoneos;
				SWIFT_COMPILATION_MODE = wholemodule;
				SWIFT_OPTIMIZATION_LEVEL = "-O";
				VALIDATE_PRODUCT = YES;
			};
			name = Release;
		};
		FCB99B7F25F94AAC00E791CE /* Debug */ = {
			isa = XCBuildConfiguration;
			baseConfigurationReference = CF31ECC17438D26BCCE7A060 /* Pods-Parstagram.debug.xcconfig */;
			buildSettings = {
				ASSETCATALOG_COMPILER_APPICON_NAME = AppIcon;
				ASSETCATALOG_COMPILER_GLOBAL_ACCENT_COLOR_NAME = AccentColor;
				CODE_SIGN_STYLE = Automatic;
				DEVELOPMENT_TEAM = D44VYF4F68;
				INFOPLIST_FILE = Parstagram/Info.plist;
				LD_RUNPATH_SEARCH_PATHS = (
					"$(inherited)",
					"@executable_path/Frameworks",
				);
				PRODUCT_BUNDLE_IDENTIFIER = edwarddls.Parstagram;
				PRODUCT_NAME = "$(TARGET_NAME)";
				SWIFT_VERSION = 5.0;
				TARGETED_DEVICE_FAMILY = "1,2";
			};
			name = Debug;
		};
		FCB99B8025F94AAC00E791CE /* Release */ = {
			isa = XCBuildConfiguration;
			baseConfigurationReference = 993BF690F4B6E481789FD0A3 /* Pods-Parstagram.release.xcconfig */;
			buildSettings = {
				ASSETCATALOG_COMPILER_APPICON_NAME = AppIcon;
				ASSETCATALOG_COMPILER_GLOBAL_ACCENT_COLOR_NAME = AccentColor;
				CODE_SIGN_STYLE = Automatic;
				DEVELOPMENT_TEAM = D44VYF4F68;
				INFOPLIST_FILE = Parstagram/Info.plist;
				LD_RUNPATH_SEARCH_PATHS = (
					"$(inherited)",
					"@executable_path/Frameworks",
				);
				PRODUCT_BUNDLE_IDENTIFIER = edwarddls.Parstagram;
				PRODUCT_NAME = "$(TARGET_NAME)";
				SWIFT_VERSION = 5.0;
				TARGETED_DEVICE_FAMILY = "1,2";
			};
			name = Release;
		};
		FCB99B8225F94AAC00E791CE /* Debug */ = {
			isa = XCBuildConfiguration;
			baseConfigurationReference = 4606F0A358EFEDE5899AE072 /* Pods-ParstagramTests.debug.xcconfig */;
			buildSettings = {
				ALWAYS_EMBED_SWIFT_STANDARD_LIBRARIES = YES;
				BUNDLE_LOADER = "$(TEST_HOST)";
				CODE_SIGN_STYLE = Automatic;
				DEVELOPMENT_TEAM = D44VYF4F68;
				INFOPLIST_FILE = ParstagramTests/Info.plist;
				IPHONEOS_DEPLOYMENT_TARGET = 14.4;
				LD_RUNPATH_SEARCH_PATHS = (
					"$(inherited)",
					"@executable_path/Frameworks",
					"@loader_path/Frameworks",
				);
				PRODUCT_BUNDLE_IDENTIFIER = edwarddls.ParstagramTests;
				PRODUCT_NAME = "$(TARGET_NAME)";
				SWIFT_VERSION = 5.0;
				TARGETED_DEVICE_FAMILY = "1,2";
				TEST_HOST = "$(BUILT_PRODUCTS_DIR)/Parstagram.app/Parstagram";
			};
			name = Debug;
		};
		FCB99B8325F94AAC00E791CE /* Release */ = {
			isa = XCBuildConfiguration;
			baseConfigurationReference = 13F9A166F5B1A258C098C401 /* Pods-ParstagramTests.release.xcconfig */;
			buildSettings = {
				ALWAYS_EMBED_SWIFT_STANDARD_LIBRARIES = YES;
				BUNDLE_LOADER = "$(TEST_HOST)";
				CODE_SIGN_STYLE = Automatic;
				DEVELOPMENT_TEAM = D44VYF4F68;
				INFOPLIST_FILE = ParstagramTests/Info.plist;
				IPHONEOS_DEPLOYMENT_TARGET = 14.4;
				LD_RUNPATH_SEARCH_PATHS = (
					"$(inherited)",
					"@executable_path/Frameworks",
					"@loader_path/Frameworks",
				);
				PRODUCT_BUNDLE_IDENTIFIER = edwarddls.ParstagramTests;
				PRODUCT_NAME = "$(TARGET_NAME)";
				SWIFT_VERSION = 5.0;
				TARGETED_DEVICE_FAMILY = "1,2";
				TEST_HOST = "$(BUILT_PRODUCTS_DIR)/Parstagram.app/Parstagram";
			};
			name = Release;
		};
		FCB99B8525F94AAC00E791CE /* Debug */ = {
			isa = XCBuildConfiguration;
			baseConfigurationReference = 622D7480E6A93696EFC636EB /* Pods-Parstagram-ParstagramUITests.debug.xcconfig */;
			buildSettings = {
				ALWAYS_EMBED_SWIFT_STANDARD_LIBRARIES = YES;
				CODE_SIGN_STYLE = Automatic;
				DEVELOPMENT_TEAM = D44VYF4F68;
				INFOPLIST_FILE = ParstagramUITests/Info.plist;
				LD_RUNPATH_SEARCH_PATHS = (
					"$(inherited)",
					"@executable_path/Frameworks",
					"@loader_path/Frameworks",
				);
				PRODUCT_BUNDLE_IDENTIFIER = edwarddls.ParstagramUITests;
				PRODUCT_NAME = "$(TARGET_NAME)";
				SWIFT_VERSION = 5.0;
				TARGETED_DEVICE_FAMILY = "1,2";
				TEST_TARGET_NAME = Parstagram;
			};
			name = Debug;
		};
		FCB99B8625F94AAC00E791CE /* Release */ = {
			isa = XCBuildConfiguration;
			baseConfigurationReference = 99FF87A4AB9C4F81228DC6BC /* Pods-Parstagram-ParstagramUITests.release.xcconfig */;
			buildSettings = {
				ALWAYS_EMBED_SWIFT_STANDARD_LIBRARIES = YES;
				CODE_SIGN_STYLE = Automatic;
				DEVELOPMENT_TEAM = D44VYF4F68;
				INFOPLIST_FILE = ParstagramUITests/Info.plist;
				LD_RUNPATH_SEARCH_PATHS = (
					"$(inherited)",
					"@executable_path/Frameworks",
					"@loader_path/Frameworks",
				);
				PRODUCT_BUNDLE_IDENTIFIER = edwarddls.ParstagramUITests;
				PRODUCT_NAME = "$(TARGET_NAME)";
				SWIFT_VERSION = 5.0;
				TARGETED_DEVICE_FAMILY = "1,2";
				TEST_TARGET_NAME = Parstagram;
			};
			name = Release;
		};
/* End XCBuildConfiguration section */

/* Begin XCConfigurationList section */
		FCB99B4F25F94AAB00E791CE /* Build configuration list for PBXProject "Parstagram" */ = {
			isa = XCConfigurationList;
			buildConfigurations = (
				FCB99B7C25F94AAC00E791CE /* Debug */,
				FCB99B7D25F94AAC00E791CE /* Release */,
			);
			defaultConfigurationIsVisible = 0;
			defaultConfigurationName = Release;
		};
		FCB99B7E25F94AAC00E791CE /* Build configuration list for PBXNativeTarget "Parstagram" */ = {
			isa = XCConfigurationList;
			buildConfigurations = (
				FCB99B7F25F94AAC00E791CE /* Debug */,
				FCB99B8025F94AAC00E791CE /* Release */,
			);
			defaultConfigurationIsVisible = 0;
			defaultConfigurationName = Release;
		};
		FCB99B8125F94AAC00E791CE /* Build configuration list for PBXNativeTarget "ParstagramTests" */ = {
			isa = XCConfigurationList;
			buildConfigurations = (
				FCB99B8225F94AAC00E791CE /* Debug */,
				FCB99B8325F94AAC00E791CE /* Release */,
			);
			defaultConfigurationIsVisible = 0;
			defaultConfigurationName = Release;
		};
		FCB99B8425F94AAC00E791CE /* Build configuration list for PBXNativeTarget "ParstagramUITests" */ = {
			isa = XCConfigurationList;
			buildConfigurations = (
				FCB99B8525F94AAC00E791CE /* Debug */,
				FCB99B8625F94AAC00E791CE /* Release */,
			);
			defaultConfigurationIsVisible = 0;
			defaultConfigurationName = Release;
		};
/* End XCConfigurationList section */
	};
	rootObject = FCB99B4C25F94AAB00E791CE /* Project object */;
}
